
Microsoft Visual Studio Solution File, Format Version 12.00
# Visual Studio Version 17
VisualStudioVersion = 17.0.31903.59
MinimumVisualStudioVersion = 10.0.40219.1
Project("{2150E333-8FDC-42A3-9474-1A3956D46DE8}") = "src", "src", "{8BE138CC-C396-4BF0-AA20-C51E49559930}"
EndProject
Project("{FAE04EC0-301F-11D3-BF4B-00C04F79EFBC}") = "Todos.Service", "src\Todos.Service\Todos.Service.csproj", "{208E317A-3B06-4A08-AEAF-BFD62E110825}"
EndProject
Project("{FAE04EC0-301F-11D3-BF4B-00C04F79EFBC}") = "Todos.Tests", "src\Todos.Tests\Todos.Tests.csproj", "{A26DB0FC-1FA8-404C-8D9E-479928007739}"
EndProject
Global
	GlobalSection(SolutionConfigurationPlatforms) = preSolution
		Debug|Any CPU = Debug|Any CPU
		Release|Any CPU = Release|Any CPU
	EndGlobalSection
	GlobalSection(SolutionProperties) = preSolution
		HideSolutionNode = FALSE
	EndGlobalSection
	GlobalSection(ProjectConfigurationPlatforms) = postSolution
		{208E317A-3B06-4A08-AEAF-BFD62E110825}.Debug|Any CPU.ActiveCfg = Debug|Any CPU
		{208E317A-3B06-4A08-AEAF-BFD62E110825}.Debug|Any CPU.Build.0 = Debug|Any CPU
		{208E317A-3B06-4A08-AEAF-BFD62E110825}.Release|Any CPU.ActiveCfg = Release|Any CPU
		{208E317A-3B06-4A08-AEAF-BFD62E110825}.Release|Any CPU.Build.0 = Release|Any CPU
		{A26DB0FC-1FA8-404C-8D9E-479928007739}.Debug|Any CPU.ActiveCfg = Debug|Any CPU
		{A26DB0FC-1FA8-404C-8D9E-479928007739}.Debug|Any CPU.Build.0 = Debug|Any CPU
		{A26DB0FC-1FA8-404C-8D9E-479928007739}.Release|Any CPU.ActiveCfg = Release|Any CPU
		{A26DB0FC-1FA8-404C-8D9E-479928007739}.Release|Any CPU.Build.0 = Release|Any CPU
	EndGlobalSection
	GlobalSection(NestedProjects) = preSolution
		{208E317A-3B06-4A08-AEAF-BFD62E110825} = {8BE138CC-C396-4BF0-AA20-C51E49559930}
		{A26DB0FC-1FA8-404C-8D9E-479928007739} = {8BE138CC-C396-4BF0-AA20-C51E49559930}
	EndGlobalSection
EndGlobal
